
Microsoft Visual Studio Solution File, Format Version 12.00
# Visual Studio Version 16
VisualStudioVersion = 16.0.29424.173
MinimumVisualStudioVersion = 10.0.40219.1
Project("{8BC9CEB8-8B4A-11D0-8D11-00A0C91BC942}") = "CG", "CG\CG.vcxproj", "{D8ED163A-CC53-4BA2-B765-1AD396E273B4}"
EndProject
Global
	GlobalSection(SolutionConfigurationPlatforms) = preSolution
		Debug|x64 = Debug|x64
		Debug|x86 = Debug|x86
		Release|x64 = Release|x64
		Release|x86 = Release|x86
	EndGlobalSection
	GlobalSection(ProjectConfigurationPlatforms) = postSolution
		{D8ED163A-CC53-4BA2-B765-1AD396E273B4}.Debug|x64.ActiveCfg = Debug|x64
		{D8ED163A-CC53-4BA2-B765-1AD396E273B4}.Debug|x64.Build.0 = Debug|x64
		{D8ED163A-CC53-4BA2-B765-1AD396E273B4}.Debug|x86.ActiveCfg = Debug|Win32
		{D8ED163A-CC53-4BA2-B765-1AD396E273B4}.Debug|x86.Build.0 = Debug|Win32
		{D8ED163A-CC53-4BA2-B765-1AD396E273B4}.Release|x64.ActiveCfg = Release|x64
		{D8ED163A-CC53-4BA2-B765-1AD396E273B4}.Release|x64.Build.0 = Release|x64
		{D8ED163A-CC53-4BA2-B765-1AD396E273B4}.Release|x86.ActiveCfg = Release|Win32
		{D8ED163A-CC53-4BA2-B765-1AD396E273B4}.Release|x86.Build.0 = Release|Win32
	EndGlobalSection
	GlobalSection(SolutionProperties) = preSolution
		HideSolutionNode = FALSE
	EndGlobalSection
	GlobalSection(ExtensibilityGlobals) = postSolution
		SolutionGuid = {EA0A6EFC-9519-4584-9233-18121C0F8F4D}
	EndGlobalSection
EndGlobal
